// !$*UTF8*$!
{
	archiveVersion = 1;
	classes = {
	};
	objectVersion = 56;
	objects = {

/* Begin PBXBuildFile section */
		4B7578C3295C7D0B00724F32 /* ZusExampleApp.swift in Sources */ = {isa = PBXBuildFile; fileRef = 4B7578C2295C7D0B00724F32 /* ZusExampleApp.swift */; };
		4B7578C5295C7D0B00724F32 /* CreateWalletView.swift in Sources */ = {isa = PBXBuildFile; fileRef = 4B7578C4295C7D0B00724F32 /* CreateWalletView.swift */; };
		4B7578C7295C7D0D00724F32 /* Assets.xcassets in Resources */ = {isa = PBXBuildFile; fileRef = 4B7578C6295C7D0D00724F32 /* Assets.xcassets */; };
		4B7578CB295C7D0D00724F32 /* Preview Assets.xcassets in Resources */ = {isa = PBXBuildFile; fileRef = 4B7578CA295C7D0D00724F32 /* Preview Assets.xcassets */; };
		4B7578D9295C7DA900724F32 /* BoltViewModel.swift in Sources */ = {isa = PBXBuildFile; fileRef = 4B7578D8295C7DA900724F32 /* BoltViewModel.swift */; };
		4B7578DB295C7DDE00724F32 /* VultViewModel.swift in Sources */ = {isa = PBXBuildFile; fileRef = 4B7578DA295C7DDE00724F32 /* VultViewModel.swift */; };
		4B7578DF295C7E5600724F32 /* NetworkConfig.swift in Sources */ = {isa = PBXBuildFile; fileRef = 4B7578DE295C7E5600724F32 /* NetworkConfig.swift */; };
		4B7578E3295C7F5A00724F32 /* zcncore.xcframework in Frameworks */ = {isa = PBXBuildFile; fileRef = 4B7578E1295C7F5A00724F32 /* zcncore.xcframework */; settings = {ATTRIBUTES = (Weak, ); }; };
		4B7578E6295C82A300724F32 /* ZcnCoreManager.swift in Sources */ = {isa = PBXBuildFile; fileRef = 4B7578E5295C82A300724F32 /* ZcnCoreManager.swift */; };
		4B7578E8295C82D900724F32 /* Utils.swift in Sources */ = {isa = PBXBuildFile; fileRef = 4B7578E7295C82D900724F32 /* Utils.swift */; };
		4B7578ED295C896500724F32 /* Wallet.swift in Sources */ = {isa = PBXBuildFile; fileRef = 4B7578EC295C896500724F32 /* Wallet.swift */; };
		4B7578F2295CAD9100724F32 /* Number.swift in Sources */ = {isa = PBXBuildFile; fileRef = 4B7578F1295CAD9100724F32 /* Number.swift */; };
		4B7578F6295CB9B100724F32 /* AppSelectionView.swift in Sources */ = {isa = PBXBuildFile; fileRef = 4B7578F5295CB9B100724F32 /* AppSelectionView.swift */; };
		4B7578FA295CC70200724F32 /* libbls.xcframework in Frameworks */ = {isa = PBXBuildFile; fileRef = 4B7578F9295CC70200724F32 /* libbls.xcframework */; };
		4B7578FE295D3E9000724F32 /* BoltHome.swift in Sources */ = {isa = PBXBuildFile; fileRef = 4B7578FD295D3E9000724F32 /* BoltHome.swift */; };
		4B757903295D3F0300724F32 /* AvailableBalanceBlock.swift in Sources */ = {isa = PBXBuildFile; fileRef = 4B757902295D3F0300724F32 /* AvailableBalanceBlock.swift */; };
		4B757905295D412A00724F32 /* Balance.swift in Sources */ = {isa = PBXBuildFile; fileRef = 4B757904295D412A00724F32 /* Balance.swift */; };
		4B757907295D46EF00724F32 /* SwiftUI.swift in Sources */ = {isa = PBXBuildFile; fileRef = 4B757906295D46EF00724F32 /* SwiftUI.swift */; };
		4B757909295D4AA100724F32 /* WalletActionStack.swift in Sources */ = {isa = PBXBuildFile; fileRef = 4B757908295D4AA100724F32 /* WalletActionStack.swift */; };
		4B75CB042963D8FF0046C0ED /* AllocationDetailsBlock.swift in Sources */ = {isa = PBXBuildFile; fileRef = 4B75CB032963D8FF0046C0ED /* AllocationDetailsBlock.swift */; };
		4B75CB062963E2880046C0ED /* ZCNProgressStyle.swift in Sources */ = {isa = PBXBuildFile; fileRef = 4B75CB052963E2880046C0ED /* ZCNProgressStyle.swift */; };
		4B75CB082963E2C10046C0ED /* AllocationActionStack.swift in Sources */ = {isa = PBXBuildFile; fileRef = 4B75CB072963E2C10046C0ED /* AllocationActionStack.swift */; };
		4BA115D329645B3C00951E8B /* Image.swift in Sources */ = {isa = PBXBuildFile; fileRef = 4BA115D229645B3C00951E8B /* Image.swift */; };
		4BB813E12964687A00B00B5C /* FilesTable.swift in Sources */ = {isa = PBXBuildFile; fileRef = 4BB813E02964687A00B00B5C /* FilesTable.swift */; };
		4BB813E429646F3000B00B5C /* PreviewController.swift in Sources */ = {isa = PBXBuildFile; fileRef = 4BB813E329646F3000B00B5C /* PreviewController.swift */; };
		4BB813E62964755B00B00B5C /* AllocationDetailsView.swift in Sources */ = {isa = PBXBuildFile; fileRef = 4BB813E52964755B00B00B5C /* AllocationDetailsView.swift */; };
		4BEEDB942962D82D00A154E0 /* String.swift in Sources */ = {isa = PBXBuildFile; fileRef = 4BEEDB932962D82D00A154E0 /* String.swift */; };
		4BEEDB99296324B600A154E0 /* Allocation.swift in Sources */ = {isa = PBXBuildFile; fileRef = 4BEEDB952963190E00A154E0 /* Allocation.swift */; };
		4BEEDB9A296324B800A154E0 /* File.swift in Sources */ = {isa = PBXBuildFile; fileRef = 4BEEDB9729631CE000A154E0 /* File.swift */; };
		4BEEDB9C29632FE900A154E0 /* VultHome.swift in Sources */ = {isa = PBXBuildFile; fileRef = 4BEEDB9B29632FE900A154E0 /* VultHome.swift */; };
		4BF739A6295DBB22006E44D8 /* Transaction.swift in Sources */ = {isa = PBXBuildFile; fileRef = 4BF739A5295DBB22006E44D8 /* Transaction.swift */; };
/* End PBXBuildFile section */

/* Begin PBXFileReference section */
		4B7578BF295C7D0B00724F32 /* ZusExample.app */ = {isa = PBXFileReference; explicitFileType = wrapper.application; includeInIndex = 0; path = ZusExample.app; sourceTree = BUILT_PRODUCTS_DIR; };
		4B7578C2295C7D0B00724F32 /* ZusExampleApp.swift */ = {isa = PBXFileReference; lastKnownFileType = sourcecode.swift; path = ZusExampleApp.swift; sourceTree = "<group>"; };
		4B7578C4295C7D0B00724F32 /* CreateWalletView.swift */ = {isa = PBXFileReference; lastKnownFileType = sourcecode.swift; path = CreateWalletView.swift; sourceTree = "<group>"; };
		4B7578C6295C7D0D00724F32 /* Assets.xcassets */ = {isa = PBXFileReference; lastKnownFileType = folder.assetcatalog; path = Assets.xcassets; sourceTree = "<group>"; };
		4B7578C8295C7D0D00724F32 /* ZusExample.entitlements */ = {isa = PBXFileReference; lastKnownFileType = text.plist.entitlements; path = ZusExample.entitlements; sourceTree = "<group>"; };
		4B7578CA295C7D0D00724F32 /* Preview Assets.xcassets */ = {isa = PBXFileReference; lastKnownFileType = folder.assetcatalog; path = "Preview Assets.xcassets"; sourceTree = "<group>"; };
		4B7578D8295C7DA900724F32 /* BoltViewModel.swift */ = {isa = PBXFileReference; lastKnownFileType = sourcecode.swift; path = BoltViewModel.swift; sourceTree = "<group>"; };
		4B7578DA295C7DDE00724F32 /* VultViewModel.swift */ = {isa = PBXFileReference; lastKnownFileType = sourcecode.swift; path = VultViewModel.swift; sourceTree = "<group>"; };
		4B7578DE295C7E5600724F32 /* NetworkConfig.swift */ = {isa = PBXFileReference; lastKnownFileType = sourcecode.swift; path = NetworkConfig.swift; sourceTree = "<group>"; };
		4B7578E1295C7F5A00724F32 /* zcncore.xcframework */ = {isa = PBXFileReference; lastKnownFileType = wrapper.xcframework; path = zcncore.xcframework; sourceTree = "<group>"; };
		4B7578E5295C82A300724F32 /* ZcnCoreManager.swift */ = {isa = PBXFileReference; lastKnownFileType = sourcecode.swift; path = ZcnCoreManager.swift; sourceTree = "<group>"; };
		4B7578E7295C82D900724F32 /* Utils.swift */ = {isa = PBXFileReference; lastKnownFileType = sourcecode.swift; path = Utils.swift; sourceTree = "<group>"; };
		4B7578EC295C896500724F32 /* Wallet.swift */ = {isa = PBXFileReference; lastKnownFileType = sourcecode.swift; path = Wallet.swift; sourceTree = "<group>"; };
		4B7578F1295CAD9100724F32 /* Number.swift */ = {isa = PBXFileReference; lastKnownFileType = sourcecode.swift; path = Number.swift; sourceTree = "<group>"; };
		4B7578F5295CB9B100724F32 /* AppSelectionView.swift */ = {isa = PBXFileReference; lastKnownFileType = sourcecode.swift; path = AppSelectionView.swift; sourceTree = "<group>"; };
		4B7578F9295CC70200724F32 /* libbls.xcframework */ = {isa = PBXFileReference; lastKnownFileType = wrapper.xcframework; path = libbls.xcframework; sourceTree = "<group>"; };
		4B7578FD295D3E9000724F32 /* BoltHome.swift */ = {isa = PBXFileReference; lastKnownFileType = sourcecode.swift; path = BoltHome.swift; sourceTree = "<group>"; };
		4B757902295D3F0300724F32 /* AvailableBalanceBlock.swift */ = {isa = PBXFileReference; lastKnownFileType = sourcecode.swift; path = AvailableBalanceBlock.swift; sourceTree = "<group>"; };
		4B757904295D412A00724F32 /* Balance.swift */ = {isa = PBXFileReference; lastKnownFileType = sourcecode.swift; path = Balance.swift; sourceTree = "<group>"; };
		4B757906295D46EF00724F32 /* SwiftUI.swift */ = {isa = PBXFileReference; lastKnownFileType = sourcecode.swift; path = SwiftUI.swift; sourceTree = "<group>"; };
		4B757908295D4AA100724F32 /* WalletActionStack.swift */ = {isa = PBXFileReference; lastKnownFileType = sourcecode.swift; path = WalletActionStack.swift; sourceTree = "<group>"; };
		4B75CB032963D8FF0046C0ED /* AllocationDetailsBlock.swift */ = {isa = PBXFileReference; lastKnownFileType = sourcecode.swift; path = AllocationDetailsBlock.swift; sourceTree = "<group>"; };
		4B75CB052963E2880046C0ED /* ZCNProgressStyle.swift */ = {isa = PBXFileReference; lastKnownFileType = sourcecode.swift; path = ZCNProgressStyle.swift; sourceTree = "<group>"; };
		4B75CB072963E2C10046C0ED /* AllocationActionStack.swift */ = {isa = PBXFileReference; lastKnownFileType = sourcecode.swift; path = AllocationActionStack.swift; sourceTree = "<group>"; };
		4BA115D229645B3C00951E8B /* Image.swift */ = {isa = PBXFileReference; lastKnownFileType = sourcecode.swift; path = Image.swift; sourceTree = "<group>"; };
		4BB813E02964687A00B00B5C /* FilesTable.swift */ = {isa = PBXFileReference; lastKnownFileType = sourcecode.swift; path = FilesTable.swift; sourceTree = "<group>"; };
		4BB813E329646F3000B00B5C /* PreviewController.swift */ = {isa = PBXFileReference; lastKnownFileType = sourcecode.swift; path = PreviewController.swift; sourceTree = "<group>"; };
		4BB813E52964755B00B00B5C /* AllocationDetailsView.swift */ = {isa = PBXFileReference; lastKnownFileType = sourcecode.swift; path = AllocationDetailsView.swift; sourceTree = "<group>"; };
		4BEEDB932962D82D00A154E0 /* String.swift */ = {isa = PBXFileReference; lastKnownFileType = sourcecode.swift; path = String.swift; sourceTree = "<group>"; };
		4BEEDB952963190E00A154E0 /* Allocation.swift */ = {isa = PBXFileReference; lastKnownFileType = sourcecode.swift; path = Allocation.swift; sourceTree = "<group>"; };
		4BEEDB9729631CE000A154E0 /* File.swift */ = {isa = PBXFileReference; lastKnownFileType = sourcecode.swift; path = File.swift; sourceTree = "<group>"; };
		4BEEDB9B29632FE900A154E0 /* VultHome.swift */ = {isa = PBXFileReference; lastKnownFileType = sourcecode.swift; path = VultHome.swift; sourceTree = "<group>"; };
		4BF739A5295DBB22006E44D8 /* Transaction.swift */ = {isa = PBXFileReference; lastKnownFileType = sourcecode.swift; path = Transaction.swift; sourceTree = "<group>"; };
/* End PBXFileReference section */

/* Begin PBXFrameworksBuildPhase section */
		4B7578BC295C7D0B00724F32 /* Frameworks */ = {
			isa = PBXFrameworksBuildPhase;
			buildActionMask = 2147483647;
			files = (
				4B7578E3295C7F5A00724F32 /* zcncore.xcframework in Frameworks */,
				4B7578FA295CC70200724F32 /* libbls.xcframework in Frameworks */,
			);
			runOnlyForDeploymentPostprocessing = 0;
		};
/* End PBXFrameworksBuildPhase section */

/* Begin PBXGroup section */
		4B7578B6295C7D0B00724F32 = {
			isa = PBXGroup;
			children = (
				4B7578C1295C7D0B00724F32 /* ZusExample */,
				4B7578C0295C7D0B00724F32 /* Products */,
			);
			sourceTree = "<group>";
		};
		4B7578C0295C7D0B00724F32 /* Products */ = {
			isa = PBXGroup;
			children = (
				4B7578BF295C7D0B00724F32 /* ZusExample.app */,
			);
			name = Products;
			sourceTree = "<group>";
		};
		4B7578C1295C7D0B00724F32 /* ZusExample */ = {
			isa = PBXGroup;
			children = (
				4B7578D6295C7D5900724F32 /* Utils */,
				4B7578D5295C7D4C00724F32 /* ViewModel */,
				4B7578D4295C7D4900724F32 /* Model */,
				4B7578D3295C7D4600724F32 /* View */,
				4B7578D2295C7D4300724F32 /* App */,
				4B7578C9295C7D0D00724F32 /* Preview Content */,
			);
			path = ZusExample;
			sourceTree = "<group>";
		};
		4B7578C9295C7D0D00724F32 /* Preview Content */ = {
			isa = PBXGroup;
			children = (
				4B7578CA295C7D0D00724F32 /* Preview Assets.xcassets */,
			);
			path = "Preview Content";
			sourceTree = "<group>";
		};
		4B7578D2295C7D4300724F32 /* App */ = {
			isa = PBXGroup;
			children = (
				4B7578F4295CB10100724F32 /* Vult */,
				4B7578F3295CB0FB00724F32 /* Bolt */,
				4B7578C2295C7D0B00724F32 /* ZusExampleApp.swift */,
				4B7578C4295C7D0B00724F32 /* CreateWalletView.swift */,
				4B7578F5295CB9B100724F32 /* AppSelectionView.swift */,
			);
			path = App;
			sourceTree = "<group>";
		};
		4B7578D3295C7D4600724F32 /* View */ = {
			isa = PBXGroup;
			children = (
				4B757900295D3EEF00724F32 /* Vult */,
				4B7578FF295D3EEC00724F32 /* Bolt */,
			);
			path = View;
			sourceTree = "<group>";
		};
		4B7578D4295C7D4900724F32 /* Model */ = {
			isa = PBXGroup;
			children = (
				4B7578DE295C7E5600724F32 /* NetworkConfig.swift */,
				4B7578EC295C896500724F32 /* Wallet.swift */,
				4B757904295D412A00724F32 /* Balance.swift */,
				4BF739A5295DBB22006E44D8 /* Transaction.swift */,
				4BEEDB952963190E00A154E0 /* Allocation.swift */,
				4BEEDB9729631CE000A154E0 /* File.swift */,
			);
			path = Model;
			sourceTree = "<group>";
		};
		4B7578D5295C7D4C00724F32 /* ViewModel */ = {
			isa = PBXGroup;
			children = (
				4B7578D8295C7DA900724F32 /* BoltViewModel.swift */,
				4B7578DA295C7DDE00724F32 /* VultViewModel.swift */,
				4B7578E5295C82A300724F32 /* ZcnCoreManager.swift */,
			);
			path = ViewModel;
			sourceTree = "<group>";
		};
		4B7578D6295C7D5900724F32 /* Utils */ = {
			isa = PBXGroup;
			children = (
				4BB813E229646F2900B00B5C /* SwiftUI */,
				4B7578F0295CAD8700724F32 /* Extension */,
				4B7578E0295C7F5A00724F32 /* GoSDK */,
				4B7578D7295C7D5F00724F32 /* Resources */,
				4B7578E7295C82D900724F32 /* Utils.swift */,
			);
			path = Utils;
			sourceTree = "<group>";
		};
		4B7578D7295C7D5F00724F32 /* Resources */ = {
			isa = PBXGroup;
			children = (
				4B7578C6295C7D0D00724F32 /* Assets.xcassets */,
				4B7578C8295C7D0D00724F32 /* ZusExample.entitlements */,
			);
			path = Resources;
			sourceTree = "<group>";
		};
		4B7578E0295C7F5A00724F32 /* GoSDK */ = {
			isa = PBXGroup;
			children = (
				4B7578F9295CC70200724F32 /* libbls.xcframework */,
				4B7578E1295C7F5A00724F32 /* zcncore.xcframework */,
			);
			path = GoSDK;
			sourceTree = "<group>";
		};
		4B7578F0295CAD8700724F32 /* Extension */ = {
			isa = PBXGroup;
			children = (
				4B7578F1295CAD9100724F32 /* Number.swift */,
				4B757906295D46EF00724F32 /* SwiftUI.swift */,
				4BEEDB932962D82D00A154E0 /* String.swift */,
				4BA115D229645B3C00951E8B /* Image.swift */,
			);
			path = Extension;
			sourceTree = "<group>";
		};
		4B7578F3295CB0FB00724F32 /* Bolt */ = {
			isa = PBXGroup;
			children = (
				4B7578FD295D3E9000724F32 /* BoltHome.swift */,
			);
			path = Bolt;
			sourceTree = "<group>";
		};
		4B7578F4295CB10100724F32 /* Vult */ = {
			isa = PBXGroup;
			children = (
				4BEEDB9B29632FE900A154E0 /* VultHome.swift */,
				4BB813E52964755B00B00B5C /* AllocationDetailsView.swift */,
			);
			path = Vult;
			sourceTree = "<group>";
		};
		4B7578FF295D3EEC00724F32 /* Bolt */ = {
			isa = PBXGroup;
			children = (
				4B757902295D3F0300724F32 /* AvailableBalanceBlock.swift */,
				4B757908295D4AA100724F32 /* WalletActionStack.swift */,
			);
			path = Bolt;
			sourceTree = "<group>";
		};
		4B757900295D3EEF00724F32 /* Vult */ = {
			isa = PBXGroup;
			children = (
				4B75CB032963D8FF0046C0ED /* AllocationDetailsBlock.swift */,
				4B75CB072963E2C10046C0ED /* AllocationActionStack.swift */,
				4B75CB052963E2880046C0ED /* ZCNProgressStyle.swift */,
				4BB813E02964687A00B00B5C /* FilesTable.swift */,
			);
			path = Vult;
			sourceTree = "<group>";
		};
		4BB813E229646F2900B00B5C /* SwiftUI */ = {
			isa = PBXGroup;
			children = (
				4BB813E329646F3000B00B5C /* PreviewController.swift */,
			);
			path = SwiftUI;
			sourceTree = "<group>";
		};
/* End PBXGroup section */

/* Begin PBXNativeTarget section */
		4B7578BE295C7D0B00724F32 /* ZusExample */ = {
			isa = PBXNativeTarget;
			buildConfigurationList = 4B7578CE295C7D0D00724F32 /* Build configuration list for PBXNativeTarget "ZusExample" */;
			buildPhases = (
				4B7578BB295C7D0B00724F32 /* Sources */,
				4B7578BC295C7D0B00724F32 /* Frameworks */,
				4B7578BD295C7D0B00724F32 /* Resources */,
			);
			buildRules = (
			);
			dependencies = (
			);
			name = ZusExample;
			productName = ZusExample;
			productReference = 4B7578BF295C7D0B00724F32 /* ZusExample.app */;
			productType = "com.apple.product-type.application";
		};
/* End PBXNativeTarget section */

/* Begin PBXProject section */
		4B7578B7295C7D0B00724F32 /* Project object */ = {
			isa = PBXProject;
			attributes = {
				BuildIndependentTargetsInParallel = 1;
				LastSwiftUpdateCheck = 1420;
				LastUpgradeCheck = 1420;
				TargetAttributes = {
					4B7578BE295C7D0B00724F32 = {
						CreatedOnToolsVersion = 14.2;
					};
				};
			};
			buildConfigurationList = 4B7578BA295C7D0B00724F32 /* Build configuration list for PBXProject "ZusExample" */;
			compatibilityVersion = "Xcode 14.0";
			developmentRegion = en;
			hasScannedForEncodings = 0;
			knownRegions = (
				en,
				Base,
			);
			mainGroup = 4B7578B6295C7D0B00724F32;
			productRefGroup = 4B7578C0295C7D0B00724F32 /* Products */;
			projectDirPath = "";
			projectRoot = "";
			targets = (
				4B7578BE295C7D0B00724F32 /* ZusExample */,
			);
		};
/* End PBXProject section */

/* Begin PBXResourcesBuildPhase section */
		4B7578BD295C7D0B00724F32 /* Resources */ = {
			isa = PBXResourcesBuildPhase;
			buildActionMask = 2147483647;
			files = (
				4B7578CB295C7D0D00724F32 /* Preview Assets.xcassets in Resources */,
				4B7578C7295C7D0D00724F32 /* Assets.xcassets in Resources */,
			);
			runOnlyForDeploymentPostprocessing = 0;
		};
/* End PBXResourcesBuildPhase section */

/* Begin PBXSourcesBuildPhase section */
		4B7578BB295C7D0B00724F32 /* Sources */ = {
			isa = PBXSourcesBuildPhase;
			buildActionMask = 2147483647;
			files = (
				4B75CB082963E2C10046C0ED /* AllocationActionStack.swift in Sources */,
				4B757903295D3F0300724F32 /* AvailableBalanceBlock.swift in Sources */,
				4B7578D9295C7DA900724F32 /* BoltViewModel.swift in Sources */,
				4B7578DB295C7DDE00724F32 /* VultViewModel.swift in Sources */,
				4B75CB042963D8FF0046C0ED /* AllocationDetailsBlock.swift in Sources */,
				4BEEDB99296324B600A154E0 /* Allocation.swift in Sources */,
				4B7578DF295C7E5600724F32 /* NetworkConfig.swift in Sources */,
				4BEEDB9C29632FE900A154E0 /* VultHome.swift in Sources */,
				4B7578FE295D3E9000724F32 /* BoltHome.swift in Sources */,
				4B7578E8295C82D900724F32 /* Utils.swift in Sources */,
				4BF739A6295DBB22006E44D8 /* Transaction.swift in Sources */,
				4B757907295D46EF00724F32 /* SwiftUI.swift in Sources */,
				4B7578C5295C7D0B00724F32 /* CreateWalletView.swift in Sources */,
				4B7578ED295C896500724F32 /* Wallet.swift in Sources */,
				4BB813E12964687A00B00B5C /* FilesTable.swift in Sources */,
				4B7578F2295CAD9100724F32 /* Number.swift in Sources */,
				4BEEDB942962D82D00A154E0 /* String.swift in Sources */,
				4B7578E6295C82A300724F32 /* ZcnCoreManager.swift in Sources */,
				4B7578C3295C7D0B00724F32 /* ZusExampleApp.swift in Sources */,
				4B757905295D412A00724F32 /* Balance.swift in Sources */,
				4B75CB062963E2880046C0ED /* ZCNProgressStyle.swift in Sources */,
				4B7578F6295CB9B100724F32 /* AppSelectionView.swift in Sources */,
				4BB813E429646F3000B00B5C /* PreviewController.swift in Sources */,
				4BEEDB9A296324B800A154E0 /* File.swift in Sources */,
				4B757909295D4AA100724F32 /* WalletActionStack.swift in Sources */,
				4BB813E62964755B00B00B5C /* AllocationDetailsView.swift in Sources */,
				4BA115D329645B3C00951E8B /* Image.swift in Sources */,
			);
			runOnlyForDeploymentPostprocessing = 0;
		};
/* End PBXSourcesBuildPhase section */

/* Begin XCBuildConfiguration section */
		4B7578CC295C7D0D00724F32 /* Debug */ = {
			isa = XCBuildConfiguration;
			buildSettings = {
				ALWAYS_SEARCH_USER_PATHS = NO;
				CLANG_ANALYZER_NONNULL = YES;
				CLANG_ANALYZER_NUMBER_OBJECT_CONVERSION = YES_AGGRESSIVE;
				CLANG_CXX_LANGUAGE_STANDARD = "gnu++20";
				CLANG_ENABLE_MODULES = YES;
				CLANG_ENABLE_OBJC_ARC = YES;
				CLANG_ENABLE_OBJC_WEAK = YES;
				CLANG_WARN_BLOCK_CAPTURE_AUTORELEASING = YES;
				CLANG_WARN_BOOL_CONVERSION = YES;
				CLANG_WARN_COMMA = YES;
				CLANG_WARN_CONSTANT_CONVERSION = YES;
				CLANG_WARN_DEPRECATED_OBJC_IMPLEMENTATIONS = YES;
				CLANG_WARN_DIRECT_OBJC_ISA_USAGE = YES_ERROR;
				CLANG_WARN_DOCUMENTATION_COMMENTS = YES;
				CLANG_WARN_EMPTY_BODY = YES;
				CLANG_WARN_ENUM_CONVERSION = YES;
				CLANG_WARN_INFINITE_RECURSION = YES;
				CLANG_WARN_INT_CONVERSION = YES;
				CLANG_WARN_NON_LITERAL_NULL_CONVERSION = YES;
				CLANG_WARN_OBJC_IMPLICIT_RETAIN_SELF = YES;
				CLANG_WARN_OBJC_LITERAL_CONVERSION = YES;
				CLANG_WARN_OBJC_ROOT_CLASS = YES_ERROR;
				CLANG_WARN_QUOTED_INCLUDE_IN_FRAMEWORK_HEADER = YES;
				CLANG_WARN_RANGE_LOOP_ANALYSIS = YES;
				CLANG_WARN_STRICT_PROTOTYPES = YES;
				CLANG_WARN_SUSPICIOUS_MOVE = YES;
				CLANG_WARN_UNGUARDED_AVAILABILITY = YES_AGGRESSIVE;
				CLANG_WARN_UNREACHABLE_CODE = YES;
				CLANG_WARN__DUPLICATE_METHOD_MATCH = YES;
				COPY_PHASE_STRIP = NO;
				DEBUG_INFORMATION_FORMAT = dwarf;
				ENABLE_STRICT_OBJC_MSGSEND = YES;
				ENABLE_TESTABILITY = YES;
				GCC_C_LANGUAGE_STANDARD = gnu11;
				GCC_DYNAMIC_NO_PIC = NO;
				GCC_NO_COMMON_BLOCKS = YES;
				GCC_OPTIMIZATION_LEVEL = 0;
				GCC_PREPROCESSOR_DEFINITIONS = (
					"DEBUG=1",
					"$(inherited)",
				);
				GCC_WARN_64_TO_32_BIT_CONVERSION = YES;
				GCC_WARN_ABOUT_RETURN_TYPE = YES_ERROR;
				GCC_WARN_UNDECLARED_SELECTOR = YES;
				GCC_WARN_UNINITIALIZED_AUTOS = YES_AGGRESSIVE;
				GCC_WARN_UNUSED_FUNCTION = YES;
				GCC_WARN_UNUSED_VARIABLE = YES;
				IPHONEOS_DEPLOYMENT_TARGET = 16.0;
				MACOSX_DEPLOYMENT_TARGET = 12.0;
				MTL_ENABLE_DEBUG_INFO = INCLUDE_SOURCE;
				MTL_FAST_MATH = YES;
				ONLY_ACTIVE_ARCH = YES;
				OTHER_LDFLAGS = "-lc++";
				SWIFT_ACTIVE_COMPILATION_CONDITIONS = DEBUG;
				SWIFT_OPTIMIZATION_LEVEL = "-Onone";
			};
			name = Debug;
		};
		4B7578CD295C7D0D00724F32 /* Release */ = {
			isa = XCBuildConfiguration;
			buildSettings = {
				ALWAYS_SEARCH_USER_PATHS = NO;
				CLANG_ANALYZER_NONNULL = YES;
				CLANG_ANALYZER_NUMBER_OBJECT_CONVERSION = YES_AGGRESSIVE;
				CLANG_CXX_LANGUAGE_STANDARD = "gnu++20";
				CLANG_ENABLE_MODULES = YES;
				CLANG_ENABLE_OBJC_ARC = YES;
				CLANG_ENABLE_OBJC_WEAK = YES;
				CLANG_WARN_BLOCK_CAPTURE_AUTORELEASING = YES;
				CLANG_WARN_BOOL_CONVERSION = YES;
				CLANG_WARN_COMMA = YES;
				CLANG_WARN_CONSTANT_CONVERSION = YES;
				CLANG_WARN_DEPRECATED_OBJC_IMPLEMENTATIONS = YES;
				CLANG_WARN_DIRECT_OBJC_ISA_USAGE = YES_ERROR;
				CLANG_WARN_DOCUMENTATION_COMMENTS = YES;
				CLANG_WARN_EMPTY_BODY = YES;
				CLANG_WARN_ENUM_CONVERSION = YES;
				CLANG_WARN_INFINITE_RECURSION = YES;
				CLANG_WARN_INT_CONVERSION = YES;
				CLANG_WARN_NON_LITERAL_NULL_CONVERSION = YES;
				CLANG_WARN_OBJC_IMPLICIT_RETAIN_SELF = YES;
				CLANG_WARN_OBJC_LITERAL_CONVERSION = YES;
				CLANG_WARN_OBJC_ROOT_CLASS = YES_ERROR;
				CLANG_WARN_QUOTED_INCLUDE_IN_FRAMEWORK_HEADER = YES;
				CLANG_WARN_RANGE_LOOP_ANALYSIS = YES;
				CLANG_WARN_STRICT_PROTOTYPES = YES;
				CLANG_WARN_SUSPICIOUS_MOVE = YES;
				CLANG_WARN_UNGUARDED_AVAILABILITY = YES_AGGRESSIVE;
				CLANG_WARN_UNREACHABLE_CODE = YES;
				CLANG_WARN__DUPLICATE_METHOD_MATCH = YES;
				COPY_PHASE_STRIP = NO;
				DEBUG_INFORMATION_FORMAT = "dwarf-with-dsym";
				ENABLE_NS_ASSERTIONS = NO;
				ENABLE_STRICT_OBJC_MSGSEND = YES;
				GCC_C_LANGUAGE_STANDARD = gnu11;
				GCC_NO_COMMON_BLOCKS = YES;
				GCC_WARN_64_TO_32_BIT_CONVERSION = YES;
				GCC_WARN_ABOUT_RETURN_TYPE = YES_ERROR;
				GCC_WARN_UNDECLARED_SELECTOR = YES;
				GCC_WARN_UNINITIALIZED_AUTOS = YES_AGGRESSIVE;
				GCC_WARN_UNUSED_FUNCTION = YES;
				GCC_WARN_UNUSED_VARIABLE = YES;
				IPHONEOS_DEPLOYMENT_TARGET = 16.0;
				MACOSX_DEPLOYMENT_TARGET = 12.0;
				MTL_ENABLE_DEBUG_INFO = NO;
				MTL_FAST_MATH = YES;
				OTHER_LDFLAGS = "-lc++";
				SWIFT_COMPILATION_MODE = wholemodule;
				SWIFT_OPTIMIZATION_LEVEL = "-O";
			};
			name = Release;
		};
		4B7578CF295C7D0D00724F32 /* Debug */ = {
			isa = XCBuildConfiguration;
			buildSettings = {
				ASSETCATALOG_COMPILER_APPICON_NAME = AppIcon;
				ASSETCATALOG_COMPILER_GLOBAL_ACCENT_COLOR_NAME = AccentColor;
				CODE_SIGN_ENTITLEMENTS = ZusExample/Utils/Resources/ZusExample.entitlements;
				CODE_SIGN_STYLE = Automatic;
				CURRENT_PROJECT_VERSION = 1;
				DEVELOPMENT_ASSET_PATHS = "\"ZusExample/Preview Content\"";
				DEVELOPMENT_TEAM = P3Y4H5M6VB;
				ENABLE_HARDENED_RUNTIME = YES;
				ENABLE_PREVIEWS = YES;
				GENERATE_INFOPLIST_FILE = YES;
				INFOPLIST_KEY_NSPhotoLibraryUsageDescription = "upload photos";
				"INFOPLIST_KEY_UIApplicationSceneManifest_Generation[sdk=iphoneos*]" = YES;
				"INFOPLIST_KEY_UIApplicationSceneManifest_Generation[sdk=iphonesimulator*]" = YES;
				"INFOPLIST_KEY_UIApplicationSupportsIndirectInputEvents[sdk=iphoneos*]" = YES;
				"INFOPLIST_KEY_UIApplicationSupportsIndirectInputEvents[sdk=iphonesimulator*]" = YES;
				"INFOPLIST_KEY_UILaunchScreen_Generation[sdk=iphoneos*]" = YES;
				"INFOPLIST_KEY_UILaunchScreen_Generation[sdk=iphonesimulator*]" = YES;
				"INFOPLIST_KEY_UIStatusBarStyle[sdk=iphoneos*]" = UIStatusBarStyleDefault;
				"INFOPLIST_KEY_UIStatusBarStyle[sdk=iphonesimulator*]" = UIStatusBarStyleDefault;
				INFOPLIST_KEY_UISupportedInterfaceOrientations_iPad = "UIInterfaceOrientationPortrait UIInterfaceOrientationPortraitUpsideDown UIInterfaceOrientationLandscapeLeft UIInterfaceOrientationLandscapeRight";
				INFOPLIST_KEY_UISupportedInterfaceOrientations_iPhone = "UIInterfaceOrientationPortrait UIInterfaceOrientationLandscapeLeft UIInterfaceOrientationLandscapeRight";
				IPHONEOS_DEPLOYMENT_TARGET = 16.0;
				LD_RUNPATH_SEARCH_PATHS = "@executable_path/Frameworks";
				"LD_RUNPATH_SEARCH_PATHS[sdk=macosx*]" = "@executable_path/../Frameworks";
				LIBRARY_SEARCH_PATHS = (
					"$(inherited)",
					"$(PROJECT_DIR)/ZusExample/Utils/Resources/Sdk",
					"$(PROJECT_DIR)/ZusExample/Utils/GoSDK",
				);
				MACOSX_DEPLOYMENT_TARGET = 13.0;
				MARKETING_VERSION = 1.0;
				PRODUCT_BUNDLE_IDENTIFIER = network.zus.ZusExample;
				PRODUCT_NAME = "$(TARGET_NAME)";
				SDKROOT = auto;
				SUPPORTED_PLATFORMS = "iphoneos iphonesimulator macosx";
				SUPPORTS_MACCATALYST = NO;
				SUPPORTS_MAC_DESIGNED_FOR_IPHONE_IPAD = NO;
				SWIFT_EMIT_LOC_STRINGS = YES;
				SWIFT_VERSION = 5.0;
				TARGETED_DEVICE_FAMILY = "1,2";
			};
			name = Debug;
		};
		4B7578D0295C7D0D00724F32 /* Release */ = {
			isa = XCBuildConfiguration;
			buildSettings = {
				ASSETCATALOG_COMPILER_APPICON_NAME = AppIcon;
				ASSETCATALOG_COMPILER_GLOBAL_ACCENT_COLOR_NAME = AccentColor;
				CODE_SIGN_ENTITLEMENTS = ZusExample/Utils/Resources/ZusExample.entitlements;
				CODE_SIGN_STYLE = Automatic;
				CURRENT_PROJECT_VERSION = 1;
				DEVELOPMENT_ASSET_PATHS = "\"ZusExample/Preview Content\"";
				DEVELOPMENT_TEAM = P3Y4H5M6VB;
				ENABLE_HARDENED_RUNTIME = YES;
				ENABLE_PREVIEWS = YES;
				GENERATE_INFOPLIST_FILE = YES;
				INFOPLIST_KEY_NSPhotoLibraryUsageDescription = "upload photos";
				"INFOPLIST_KEY_UIApplicationSceneManifest_Generation[sdk=iphoneos*]" = YES;
				"INFOPLIST_KEY_UIApplicationSceneManifest_Generation[sdk=iphonesimulator*]" = YES;
				"INFOPLIST_KEY_UIApplicationSupportsIndirectInputEvents[sdk=iphoneos*]" = YES;
				"INFOPLIST_KEY_UIApplicationSupportsIndirectInputEvents[sdk=iphonesimulator*]" = YES;
				"INFOPLIST_KEY_UILaunchScreen_Generation[sdk=iphoneos*]" = YES;
				"INFOPLIST_KEY_UILaunchScreen_Generation[sdk=iphonesimulator*]" = YES;
				"INFOPLIST_KEY_UIStatusBarStyle[sdk=iphoneos*]" = UIStatusBarStyleDefault;
				"INFOPLIST_KEY_UIStatusBarStyle[sdk=iphonesimulator*]" = UIStatusBarStyleDefault;
				INFOPLIST_KEY_UISupportedInterfaceOrientations_iPad = "UIInterfaceOrientationPortrait UIInterfaceOrientationPortraitUpsideDown UIInterfaceOrientationLandscapeLeft UIInterfaceOrientationLandscapeRight";
				INFOPLIST_KEY_UISupportedInterfaceOrientations_iPhone = "UIInterfaceOrientationPortrait UIInterfaceOrientationLandscapeLeft UIInterfaceOrientationLandscapeRight";
				IPHONEOS_DEPLOYMENT_TARGET = 16.0;
				LD_RUNPATH_SEARCH_PATHS = "@executable_path/Frameworks";
				"LD_RUNPATH_SEARCH_PATHS[sdk=macosx*]" = "@executable_path/../Frameworks";
				LIBRARY_SEARCH_PATHS = (
					"$(inherited)",
					"$(PROJECT_DIR)/ZusExample/Utils/Resources/Sdk",
					"$(PROJECT_DIR)/ZusExample/Utils/GoSDK",
				);
				MACOSX_DEPLOYMENT_TARGET = 13.0;
				MARKETING_VERSION = 1.0;
				PRODUCT_BUNDLE_IDENTIFIER = network.zus.ZusExample;
				PRODUCT_NAME = "$(TARGET_NAME)";
				SDKROOT = auto;
				SUPPORTED_PLATFORMS = "iphoneos iphonesimulator macosx";
				SUPPORTS_MACCATALYST = NO;
				SUPPORTS_MAC_DESIGNED_FOR_IPHONE_IPAD = NO;
				SWIFT_EMIT_LOC_STRINGS = YES;
				SWIFT_VERSION = 5.0;
				TARGETED_DEVICE_FAMILY = "1,2";
			};
			name = Release;
		};
/* End XCBuildConfiguration section */

/* Begin XCConfigurationList section */
		4B7578BA295C7D0B00724F32 /* Build configuration list for PBXProject "ZusExample" */ = {
			isa = XCConfigurationList;
			buildConfigurations = (
				4B7578CC295C7D0D00724F32 /* Debug */,
				4B7578CD295C7D0D00724F32 /* Release */,
			);
			defaultConfigurationIsVisible = 0;
			defaultConfigurationName = Release;
		};
		4B7578CE295C7D0D00724F32 /* Build configuration list for PBXNativeTarget "ZusExample" */ = {
			isa = XCConfigurationList;
			buildConfigurations = (
				4B7578CF295C7D0D00724F32 /* Debug */,
				4B7578D0295C7D0D00724F32 /* Release */,
			);
			defaultConfigurationIsVisible = 0;
			defaultConfigurationName = Release;
		};
/* End XCConfigurationList section */
	};
	rootObject = 4B7578B7295C7D0B00724F32 /* Project object */;
}
